Microsoft Visual Studio Solution File, Format Version 12.00
# Visual Studio 2012
Project("{FAE04EC0-301F-11D3-BF4B-00C04F79EFBC}") = "Phone Horror", "Phone Horror.csproj", "{E040CE7C-DE12-4AC1-924F-F3F43B15941E}"
EndProject
Global
	GlobalSection(SolutionConfigurationPlatforms) = preSolution
	Debug|Any CPU = Debug|Any CPU
	ExportDebug|Any CPU = ExportDebug|Any CPU
	ExportRelease|Any CPU = ExportRelease|Any CPU
	EndGlobalSection
	GlobalSection(ProjectConfigurationPlatforms) = postSolution
		{E040CE7C-DE12-4AC1-924F-F3F43B15941E}.Debug|Any CPU.ActiveCfg = Debug|Any CPU
		{E040CE7C-DE12-4AC1-924F-F3F43B15941E}.Debug|Any CPU.Build.0 = Debug|Any CPU
		{E040CE7C-DE12-4AC1-924F-F3F43B15941E}.ExportDebug|Any CPU.ActiveCfg = ExportDebug|Any CPU
		{E040CE7C-DE12-4AC1-924F-F3F43B15941E}.ExportDebug|Any CPU.Build.0 = ExportDebug|Any CPU
		{E040CE7C-DE12-4AC1-924F-F3F43B15941E}.ExportRelease|Any CPU.ActiveCfg = ExportRelease|Any CPU
		{E040CE7C-DE12-4AC1-924F-F3F43B15941E}.ExportRelease|Any CPU.Build.0 = ExportRelease|Any CPU
	EndGlobalSection
EndGlobal
